
Microsoft Visual Studio Solution File, Format Version 12.00
# Visual Studio Version 16
VisualStudioVersion = 16.0.33328.57
MinimumVisualStudioVersion = 10.0.40219.1
Project("{FAE04EC0-301F-11D3-BF4B-00C04F79EFBC}") = "VESPA", "VESPA\VESPA.csproj", "{983EDF27-978F-4A6C-9A1C-436879AEBF53}"
EndProject
Global
	GlobalSection(SolutionConfigurationPlatforms) = preSolution
		Debug|Any CPU = Debug|Any CPU
		Release|Any CPU = Release|Any CPU
	EndGlobalSection
	GlobalSection(ProjectConfigurationPlatforms) = postSolution
		{983EDF27-978F-4A6C-9A1C-436879AEBF53}.Debug|Any CPU.ActiveCfg = Debug|Any CPU
		{983EDF27-978F-4A6C-9A1C-436879AEBF53}.Debug|Any CPU.Build.0 = Debug|Any CPU
		{983EDF27-978F-4A6C-9A1C-436879AEBF53}.Release|Any CPU.ActiveCfg = Release|Any CPU
		{983EDF27-978F-4A6C-9A1C-436879AEBF53}.Release|Any CPU.Build.0 = Release|Any CPU
	EndGlobalSection
	GlobalSection(SolutionProperties) = preSolution
		HideSolutionNode = FALSE
	EndGlobalSection
	GlobalSection(ExtensibilityGlobals) = postSolution
		SolutionGuid = {071CF619-F8B2-47B4-BD3F-391D91A0E354}
	EndGlobalSection
EndGlobal
